
Microsoft Visual Studio Solution File, Format Version 12.00
# Visual Studio Version 17
VisualStudioVersion = 17.2.32526.322
MinimumVisualStudioVersion = 10.0.40219.1
Project("{FAE04EC0-301F-11D3-BF4B-00C04F79EFBC}") = "CalculatorWPF", "CalculatorWPF.csproj", "{1A685A87-2816-4F40-A021-9BFDB1A87EFB}"
EndProject
Global
	GlobalSection(SolutionConfigurationPlatforms) = preSolution
		Debug|Any CPU = Debug|Any CPU
		Release|Any CPU = Release|Any CPU
	EndGlobalSection
	GlobalSection(ProjectConfigurationPlatforms) = postSolution
		{1A685A87-2816-4F40-A021-9BFDB1A87EFB}.Debug|Any CPU.ActiveCfg = Debug|Any CPU
		{1A685A87-2816-4F40-A021-9BFDB1A87EFB}.Debug|Any CPU.Build.0 = Debug|Any CPU
		{1A685A87-2816-4F40-A021-9BFDB1A87EFB}.Release|Any CPU.ActiveCfg = Release|Any CPU
		{1A685A87-2816-4F40-A021-9BFDB1A87EFB}.Release|Any CPU.Build.0 = Release|Any CPU
	EndGlobalSection
	GlobalSection(SolutionProperties) = preSolution
		HideSolutionNode = FALSE
	EndGlobalSection
	GlobalSection(ExtensibilityGlobals) = postSolution
		SolutionGuid = {02443AD8-379C-4E61-889B-F994A887B2C5}
	EndGlobalSection
EndGlobal
